// !$*UTF8*$!
{
	archiveVersion = 1;
	classes = {
	};
	objectVersion = 77;
	objects = {

/* Begin PBXBuildFile section */
		AABBCC112233DDEEFF445588 /* Sparkle in Frameworks */ = {isa = PBXBuildFile; productRef = AABBCC112233DDEEFF445577 /* Sparkle */; };
/* End PBXBuildFile section */

/* Begin PBXContainerItemProxy section */
		4D26B5222FC776DB00DB3297 /* PBXContainerItemProxy */ = {
			isa = PBXContainerItemProxy;
			containerPortal = 4D26B50A2FC776DA00DB3297 /* Project object */;
			proxyType = 1;
			remoteGlobalIDString = 4D26B5112FC776DA00DB3297;
			remoteInfo = CozumelManager;
		};
		4D26B52C2FC776DB00DB3297 /* PBXContainerItemProxy */ = {
			isa = PBXContainerItemProxy;
			containerPortal = 4D26B50A2FC776DA00DB3297 /* Project object */;
			proxyType = 1;
			remoteGlobalIDString = 4D26B5112FC776DA00DB3297;
			remoteInfo = CozumelManager;
		};
/* End PBXContainerItemProxy section */

/* Begin PBXFileReference section */
		4D26B5122FC776DA00DB3297 /* CozumelManager.app */ = {isa = PBXFileReference; explicitFileType = wrapper.application; includeInIndex = 0; path = CozumelManager.app; sourceTree = BUILT_PRODUCTS_DIR; };
		4D26B5212FC776DB00DB3297 /* CozumelManagerTests.xctest */ = {isa = PBXFileReference; explicitFileType = wrapper.cfbundle; includeInIndex = 0; path = CozumelManagerTests.xctest; sourceTree = BUILT_PRODUCTS_DIR; };
		4D26B52B2FC776DB00DB3297 /* CozumelManagerUITests.xctest */ = {isa = PBXFileReference; explicitFileType = wrapper.cfbundle; includeInIndex = 0; path = CozumelManagerUITests.xctest; sourceTree = BUILT_PRODUCTS_DIR; };
/* End PBXFileReference section */

/* Begin PBXFileSystemSynchronizedRootGroup section */
		4D26B5142FC776DA00DB3297 /* CozumelManager */ = {
			isa = PBXFileSystemSynchronizedRootGroup;
			path = CozumelManager;
			sourceTree = "<group>";
		};
		4D26B5242FC776DB00DB3297 /* CozumelManagerTests */ = {
			isa = PBXFileSystemSynchronizedRootGroup;
			path = CozumelManagerTests;
			sourceTree = "<group>";
		};
		4D26B52E2FC776DB00DB3297 /* CozumelManagerUITests */ = {
			isa = PBXFileSystemSynchronizedRootGroup;
			path = CozumelManagerUITests;
			sourceTree = "<group>";
		};
/* End PBXFileSystemSynchronizedRootGroup section */

/* Begin PBXFrameworksBuildPhase section */
		4D26B50F2FC776DA00DB3297 /* Frameworks */ = {
			isa = PBXFrameworksBuildPhase;
			buildActionMask = 2147483647;
			files = (
				AABBCC112233DDEEFF445588 /* Sparkle in Frameworks */,
			);
			runOnlyForDeploymentPostprocessing = 0;
		};
		4D26B51E2FC776DB00DB3297 /* Frameworks */ = {
			isa = PBXFrameworksBuildPhase;
			buildActionMask = 2147483647;
			files = (
			);
			runOnlyForDeploymentPostprocessing = 0;
		};
		4D26B5282FC776DB00DB3297 /* Frameworks */ = {
			isa = PBXFrameworksBuildPhase;
			buildActionMask = 2147483647;
			files = (
			);
			runOnlyForDeploymentPostprocessing = 0;
		};
/* End PBXFrameworksBuildPhase section */

/* Begin PBXGroup section */
		4D26B5092FC776DA00DB3297 = {
			isa = PBXGroup;
			children = (
				4D26B5142FC776DA00DB3297 /* CozumelManager */,
				4D26B5242FC776DB00DB3297 /* CozumelManagerTests */,
				4D26B52E2FC776DB00DB3297 /* CozumelManagerUITests */,
				4D26B5132FC776DA00DB3297 /* Products */,
			);
			sourceTree = "<group>";
		};
		4D26B5132FC776DA00DB3297 /* Products */ = {
			isa = PBXGroup;
			children = (
				4D26B5122FC776DA00DB3297 /* CozumelManager.app */,
				4D26B5212FC776DB00DB3297 /* CozumelManagerTests.xctest */,
				4D26B52B2FC776DB00DB3297 /* CozumelManagerUITests.xctest */,
			);
			name = Products;
			sourceTree = "<group>";
		};
/* End PBXGroup section */

/* Begin PBXNativeTarget section */
		4D26B5112FC776DA00DB3297 /* CozumelManager */ = {
			isa = PBXNativeTarget;
			buildConfigurationList = 4D26B5352FC776DB00DB3297 /* Build configuration list for PBXNativeTarget "CozumelManager" */;
			buildPhases = (
				4D26B50E2FC776DA00DB3297 /* Sources */,
				4D26B50F2FC776DA00DB3297 /* Frameworks */,
				4D26B5102FC776DA00DB3297 /* Resources */,
				CCDDEEFF11223344AABB5566 /* Add Sparkle Info.plist Keys */,
			);
			buildRules = (
			);
			dependencies = (
			);
			fileSystemSynchronizedGroups = (
				4D26B5142FC776DA00DB3297 /* CozumelManager */,
			);
			name = CozumelManager;
			packageProductDependencies = (
				AABBCC112233DDEEFF445577 /* Sparkle */,
			);
			productName = CozumelManager;
			productReference = 4D26B5122FC776DA00DB3297 /* CozumelManager.app */;
			productType = "com.apple.product-type.application";
		};
		4D26B5202FC776DB00DB3297 /* CozumelManagerTests */ = {
			isa = PBXNativeTarget;
			buildConfigurationList = 4D26B5382FC776DB00DB3297 /* Build configuration list for PBXNativeTarget "CozumelManagerTests" */;
			buildPhases = (
				4D26B51D2FC776DB00DB3297 /* Sources */,
				4D26B51E2FC776DB00DB3297 /* Frameworks */,
				4D26B51F2FC776DB00DB3297 /* Resources */,
			);
			buildRules = (
			);
			dependencies = (
				4D26B5232FC776DB00DB3297 /* PBXTargetDependency */,
			);
			fileSystemSynchronizedGroups = (
				4D26B5242FC776DB00DB3297 /* CozumelManagerTests */,
			);
			name = CozumelManagerTests;
			packageProductDependencies = (
			);
			productName = CozumelManagerTests;
			productReference = 4D26B5212FC776DB00DB3297 /* CozumelManagerTests.xctest */;
			productType = "com.apple.product-type.bundle.unit-test";
		};
		4D26B52A2FC776DB00DB3297 /* CozumelManagerUITests */ = {
			isa = PBXNativeTarget;
			buildConfigurationList = 4D26B53B2FC776DB00DB3297 /* Build configuration list for PBXNativeTarget "CozumelManagerUITests" */;
			buildPhases = (
				4D26B5272FC776DB00DB3297 /* Sources */,
				4D26B5282FC776DB00DB3297 /* Frameworks */,
				4D26B5292FC776DB00DB3297 /* Resources */,
			);
			buildRules = (
			);
			dependencies = (
				4D26B52D2FC776DB00DB3297 /* PBXTargetDependency */,
			);
			fileSystemSynchronizedGroups = (
				4D26B52E2FC776DB00DB3297 /* CozumelManagerUITests */,
			);
			name = CozumelManagerUITests;
			packageProductDependencies = (
			);
			productName = CozumelManagerUITests;
			productReference = 4D26B52B2FC776DB00DB3297 /* CozumelManagerUITests.xctest */;
			productType = "com.apple.product-type.bundle.ui-testing";
		};
/* End PBXNativeTarget section */

/* Begin PBXProject section */
		4D26B50A2FC776DA00DB3297 /* Project object */ = {
			isa = PBXProject;
			attributes = {
				BuildIndependentTargetsInParallel = 1;
				LastSwiftUpdateCheck = 2650;
				LastUpgradeCheck = 2650;
				TargetAttributes = {
					4D26B5112FC776DA00DB3297 = {
						CreatedOnToolsVersion = 26.5;
					};
					4D26B5202FC776DB00DB3297 = {
						CreatedOnToolsVersion = 26.5;
						TestTargetID = 4D26B5112FC776DA00DB3297;
					};
					4D26B52A2FC776DB00DB3297 = {
						CreatedOnToolsVersion = 26.5;
						TestTargetID = 4D26B5112FC776DA00DB3297;
					};
				};
			};
			buildConfigurationList = 4D26B50D2FC776DA00DB3297 /* Build configuration list for PBXProject "CozumelManager" */;
			developmentRegion = en;
			hasScannedForEncodings = 0;
			knownRegions = (
				en,
				Base,
			);
			mainGroup = 4D26B5092FC776DA00DB3297;
			minimizedProjectReferenceProxies = 1;
			preferredProjectObjectVersion = 77;
			packageReferences = (
				AABBCC112233DDEEFF445566 /* XCRemoteSwiftPackageReference "Sparkle" */,
			);
			productRefGroup = 4D26B5132FC776DA00DB3297 /* Products */;
			projectDirPath = "";
			projectRoot = "";
			targets = (
				4D26B5112FC776DA00DB3297 /* CozumelManager */,
				4D26B5202FC776DB00DB3297 /* CozumelManagerTests */,
				4D26B52A2FC776DB00DB3297 /* CozumelManagerUITests */,
			);
		};
/* End PBXProject section */

/* Begin PBXShellScriptBuildPhase section */
		CCDDEEFF11223344AABB5566 /* Add Sparkle Info.plist Keys */ = {
			isa = PBXShellScriptBuildPhase;
			alwaysOutOfDate = 1;
			buildActionMask = 2147483647;
			files = (
			);
			inputFileListPaths = (
			);
			inputPaths = (
				"$(TARGET_BUILD_DIR)/$(INFOPLIST_PATH)",
			);
			name = "Add Sparkle Info.plist Keys";
			outputFileListPaths = (
			);
			outputPaths = (
			);
			runOnlyForDeploymentPostprocessing = 0;
			shellPath = /bin/sh;
			shellScript = "PLIST=\"${TARGET_BUILD_DIR}/${INFOPLIST_PATH}\"\n/usr/libexec/PlistBuddy -c \"Add :SUFeedURL string ${INFOPLIST_KEY_SUFeedURL}\" \"$PLIST\" 2>/dev/null || /usr/libexec/PlistBuddy -c \"Set :SUFeedURL ${INFOPLIST_KEY_SUFeedURL}\" \"$PLIST\"\n/usr/libexec/PlistBuddy -c \"Add :SUPublicEDKey string ${INFOPLIST_KEY_SUPublicEDKey}\" \"$PLIST\" 2>/dev/null || /usr/libexec/PlistBuddy -c \"Set :SUPublicEDKey ${INFOPLIST_KEY_SUPublicEDKey}\" \"$PLIST\"\n";
		};
/* End PBXShellScriptBuildPhase section */

/* Begin PBXResourcesBuildPhase section */
		4D26B5102FC776DA00DB3297 /* Resources */ = {
			isa = PBXResourcesBuildPhase;
			buildActionMask = 2147483647;
			files = (
			);
			runOnlyForDeploymentPostprocessing = 0;
		};
		4D26B51F2FC776DB00DB3297 /* Resources */ = {
			isa = PBXResourcesBuildPhase;
			buildActionMask = 2147483647;
			files = (
			);
			runOnlyForDeploymentPostprocessing = 0;
		};
		4D26B5292FC776DB00DB3297 /* Resources */ = {
			isa = PBXResourcesBuildPhase;
			buildActionMask = 2147483647;
			files = (
			);
			runOnlyForDeploymentPostprocessing = 0;
		};
/* End PBXResourcesBuildPhase section */

/* Begin PBXSourcesBuildPhase section */
		4D26B50E2FC776DA00DB3297 /* Sources */ = {
			isa = PBXSourcesBuildPhase;
			buildActionMask = 2147483647;
			files = (
			);
			runOnlyForDeploymentPostprocessing = 0;
		};
		4D26B51D2FC776DB00DB3297 /* Sources */ = {
			isa = PBXSourcesBuildPhase;
			buildActionMask = 2147483647;
			files = (
			);
			runOnlyForDeploymentPostprocessing = 0;
		};
		4D26B5272FC776DB00DB3297 /* Sources */ = {
			isa = PBXSourcesBuildPhase;
			buildActionMask = 2147483647;
			files = (
			);
			runOnlyForDeploymentPostprocessing = 0;
		};
/* End PBXSourcesBuildPhase section */

/* Begin PBXTargetDependency section */
		4D26B5232FC776DB00DB3297 /* PBXTargetDependency */ = {
			isa = PBXTargetDependency;
			target = 4D26B5112FC776DA00DB3297 /* CozumelManager */;
			targetProxy = 4D26B5222FC776DB00DB3297 /* PBXContainerItemProxy */;
		};
		4D26B52D2FC776DB00DB3297 /* PBXTargetDependency */ = {
			isa = PBXTargetDependency;
			target = 4D26B5112FC776DA00DB3297 /* CozumelManager */;
			targetProxy = 4D26B52C2FC776DB00DB3297 /* PBXContainerItemProxy */;
		};
/* End PBXTargetDependency section */

/* Begin XCBuildConfiguration section */
		4D26B5332FC776DB00DB3297 /* Debug */ = {
			isa = XCBuildConfiguration;
			buildSettings = {
				ALWAYS_SEARCH_USER_PATHS = NO;
				ASSETCATALOG_COMPILER_GENERATE_SWIFT_ASSET_SYMBOL_EXTENSIONS = YES;
				CLANG_ANALYZER_NONNULL = YES;
				CLANG_ANALYZER_NUMBER_OBJECT_CONVERSION = YES_AGGRESSIVE;
				CLANG_CXX_LANGUAGE_STANDARD = "gnu++20";
				CLANG_ENABLE_MODULES = YES;
				CLANG_ENABLE_OBJC_ARC = YES;
				CLANG_ENABLE_OBJC_WEAK = YES;
				CLANG_WARN_BLOCK_CAPTURE_AUTORELEASING = YES;
				CLANG_WARN_BOOL_CONVERSION = YES;
				CLANG_WARN_COMMA = YES;
				CLANG_WARN_CONSTANT_CONVERSION = YES;
				CLANG_WARN_DEPRECATED_OBJC_IMPLEMENTATIONS = YES;
				CLANG_WARN_DIRECT_OBJC_ISA_USAGE = YES_ERROR;
				CLANG_WARN_DOCUMENTATION_COMMENTS = YES;
				CLANG_WARN_EMPTY_BODY = YES;
				CLANG_WARN_ENUM_CONVERSION = YES;
				CLANG_WARN_INFINITE_RECURSION = YES;
				CLANG_WARN_INT_CONVERSION = YES;
				CLANG_WARN_NON_LITERAL_NULL_CONVERSION = YES;
				CLANG_WARN_OBJC_IMPLICIT_RETAIN_SELF = YES;
				CLANG_WARN_OBJC_LITERAL_CONVERSION = YES;
				CLANG_WARN_OBJC_ROOT_CLASS = YES_ERROR;
				CLANG_WARN_QUOTED_INCLUDE_IN_FRAMEWORK_HEADER = YES;
				CLANG_WARN_RANGE_LOOP_ANALYSIS = YES;
				CLANG_WARN_STRICT_PROTOTYPES = YES;
				CLANG_WARN_SUSPICIOUS_MOVE = YES;
				CLANG_WARN_UNGUARDED_AVAILABILITY = YES_AGGRESSIVE;
				CLANG_WARN_UNREACHABLE_CODE = YES;
				CLANG_WARN__DUPLICATE_METHOD_MATCH = YES;
				COPY_PHASE_STRIP = NO;
				DEBUG_INFORMATION_FORMAT = dwarf;
				DEVELOPMENT_TEAM = 9XVQ4QCQLM;
				ENABLE_STRICT_OBJC_MSGSEND = YES;
				ENABLE_TESTABILITY = YES;
				ENABLE_USER_SCRIPT_SANDBOXING = YES;
				GCC_C_LANGUAGE_STANDARD = gnu17;
				GCC_DYNAMIC_NO_PIC = NO;
				GCC_NO_COMMON_BLOCKS = YES;
				GCC_OPTIMIZATION_LEVEL = 0;
				GCC_PREPROCESSOR_DEFINITIONS = (
					"DEBUG=1",
					"$(inherited)",
				);
				GCC_WARN_64_TO_32_BIT_CONVERSION = YES;
				GCC_WARN_ABOUT_RETURN_TYPE = YES_ERROR;
				GCC_WARN_UNDECLARED_SELECTOR = YES;
				GCC_WARN_UNINITIALIZED_AUTOS = YES_AGGRESSIVE;
				GCC_WARN_UNUSED_FUNCTION = YES;
				GCC_WARN_UNUSED_VARIABLE = YES;
				LOCALIZATION_PREFERS_STRING_CATALOGS = YES;
				MACOSX_DEPLOYMENT_TARGET = 26.5;
				MTL_ENABLE_DEBUG_INFO = INCLUDE_SOURCE;
				MTL_FAST_MATH = YES;
				ONLY_ACTIVE_ARCH = YES;
				SDKROOT = macosx;
				SWIFT_ACTIVE_COMPILATION_CONDITIONS = "DEBUG $(inherited)";
				SWIFT_OPTIMIZATION_LEVEL = "-Onone";
			};
			name = Debug;
		};
		4D26B5342FC776DB00DB3297 /* Release */ = {
			isa = XCBuildConfiguration;
			buildSettings = {
				ALWAYS_SEARCH_USER_PATHS = NO;
				ASSETCATALOG_COMPILER_GENERATE_SWIFT_ASSET_SYMBOL_EXTENSIONS = YES;
				CLANG_ANALYZER_NONNULL = YES;
				CLANG_ANALYZER_NUMBER_OBJECT_CONVERSION = YES_AGGRESSIVE;
				CLANG_CXX_LANGUAGE_STANDARD = "gnu++20";
				CLANG_ENABLE_MODULES = YES;
				CLANG_ENABLE_OBJC_ARC = YES;
				CLANG_ENABLE_OBJC_WEAK = YES;
				CLANG_WARN_BLOCK_CAPTURE_AUTORELEASING = YES;
				CLANG_WARN_BOOL_CONVERSION = YES;
				CLANG_WARN_COMMA = YES;
				CLANG_WARN_CONSTANT_CONVERSION = YES;
				CLANG_WARN_DEPRECATED_OBJC_IMPLEMENTATIONS = YES;
				CLANG_WARN_DIRECT_OBJC_ISA_USAGE = YES_ERROR;
				CLANG_WARN_DOCUMENTATION_COMMENTS = YES;
				CLANG_WARN_EMPTY_BODY = YES;
				CLANG_WARN_ENUM_CONVERSION = YES;
				CLANG_WARN_INFINITE_RECURSION = YES;
				CLANG_WARN_INT_CONVERSION = YES;
				CLANG_WARN_NON_LITERAL_NULL_CONVERSION = YES;
				CLANG_WARN_OBJC_IMPLICIT_RETAIN_SELF = YES;
				CLANG_WARN_OBJC_LITERAL_CONVERSION = YES;
				CLANG_WARN_OBJC_ROOT_CLASS = YES_ERROR;
				CLANG_WARN_QUOTED_INCLUDE_IN_FRAMEWORK_HEADER = YES;
				CLANG_WARN_RANGE_LOOP_ANALYSIS = YES;
				CLANG_WARN_STRICT_PROTOTYPES = YES;
				CLANG_WARN_SUSPICIOUS_MOVE = YES;
				CLANG_WARN_UNGUARDED_AVAILABILITY = YES_AGGRESSIVE;
				CLANG_WARN_UNREACHABLE_CODE = YES;
				CLANG_WARN__DUPLICATE_METHOD_MATCH = YES;
				COPY_PHASE_STRIP = NO;
				DEBUG_INFORMATION_FORMAT = "dwarf-with-dsym";
				DEVELOPMENT_TEAM = 9XVQ4QCQLM;
				ENABLE_NS_ASSERTIONS = NO;
				ENABLE_STRICT_OBJC_MSGSEND = YES;
				ENABLE_USER_SCRIPT_SANDBOXING = YES;
				GCC_C_LANGUAGE_STANDARD = gnu17;
				GCC_NO_COMMON_BLOCKS = YES;
				GCC_WARN_64_TO_32_BIT_CONVERSION = YES;
				GCC_WARN_ABOUT_RETURN_TYPE = YES_ERROR;
				GCC_WARN_UNDECLARED_SELECTOR = YES;
				GCC_WARN_UNINITIALIZED_AUTOS = YES_AGGRESSIVE;
				GCC_WARN_UNUSED_FUNCTION = YES;
				GCC_WARN_UNUSED_VARIABLE = YES;
				LOCALIZATION_PREFERS_STRING_CATALOGS = YES;
				MACOSX_DEPLOYMENT_TARGET = 26.5;
				MTL_ENABLE_DEBUG_INFO = NO;
				MTL_FAST_MATH = YES;
				SDKROOT = macosx;
				SWIFT_COMPILATION_MODE = wholemodule;
			};
			name = Release;
		};
		4D26B5362FC776DB00DB3297 /* Debug */ = {
			isa = XCBuildConfiguration;
			buildSettings = {
				ASSETCATALOG_COMPILER_APPICON_NAME = AppIcon;
				ASSETCATALOG_COMPILER_GLOBAL_ACCENT_COLOR_NAME = AccentColor;
				CODE_SIGN_ENTITLEMENTS = CozumelManager/CozumelManager.entitlements;
				"CODE_SIGN_IDENTITY[sdk=macosx*]" = "Apple Development";
				CODE_SIGN_STYLE = Automatic;
				COMBINE_HIDPI_IMAGES = YES;
				CURRENT_PROJECT_VERSION = 1;
				DEVELOPMENT_TEAM = 9XVQ4QCQLM;
				ENABLE_APP_SANDBOX = YES;
				ENABLE_HARDENED_RUNTIME = YES;
				ENABLE_PREVIEWS = YES;
				ENABLE_USER_SCRIPT_SANDBOXING = NO;
				ENABLE_USER_SELECTED_FILES = readonly;
				GENERATE_INFOPLIST_FILE = YES;
				INFOPLIST_KEY_LSApplicationCategoryType = "public.app-category.business";
				INFOPLIST_KEY_NSHumanReadableCopyright = "";
				INFOPLIST_KEY_SUFeedURL = "https://raw.githubusercontent.com/hahaluaha/Cozumel-Manager/main/appcast.xml";
				INFOPLIST_KEY_SUPublicEDKey = "1XgnxkEiYGP+K/8ddiGFSRrVb/BTdQlc5fwSLlXHZdg=";
				LD_RUNPATH_SEARCH_PATHS = (
					"$(inherited)",
					"@executable_path/../Frameworks",
				);
				MARKETING_VERSION = 1.0;
				PRODUCT_BUNDLE_IDENTIFIER = "Team-Paraiso.CozumelManager";
				PRODUCT_NAME = "$(TARGET_NAME)";
				REGISTER_APP_GROUPS = YES;
				STRING_CATALOG_GENERATE_SYMBOLS = YES;
				SWIFT_APPROACHABLE_CONCURRENCY = YES;
				SWIFT_DEFAULT_ACTOR_ISOLATION = MainActor;
				SWIFT_EMIT_LOC_STRINGS = YES;
				SWIFT_UPCOMING_FEATURE_MEMBER_IMPORT_VISIBILITY = YES;
				SWIFT_VERSION = 5.0;
			};
			name = Debug;
		};
		4D26B5372FC776DB00DB3297 /* Release */ = {
			isa = XCBuildConfiguration;
			buildSettings = {
				ASSETCATALOG_COMPILER_APPICON_NAME = AppIcon;
				ASSETCATALOG_COMPILER_GLOBAL_ACCENT_COLOR_NAME = AccentColor;
				CODE_SIGN_ENTITLEMENTS = CozumelManager/CozumelManager.entitlements;
				"CODE_SIGN_IDENTITY[sdk=macosx*]" = "Apple Development";
				CODE_SIGN_STYLE = Automatic;
				COMBINE_HIDPI_IMAGES = YES;
				CURRENT_PROJECT_VERSION = 1;
				DEVELOPMENT_TEAM = 9XVQ4QCQLM;
				ENABLE_APP_SANDBOX = YES;
				ENABLE_HARDENED_RUNTIME = YES;
				ENABLE_PREVIEWS = YES;
				ENABLE_USER_SCRIPT_SANDBOXING = NO;
				ENABLE_USER_SELECTED_FILES = readonly;
				GENERATE_INFOPLIST_FILE = YES;
				INFOPLIST_KEY_LSApplicationCategoryType = "public.app-category.business";
				INFOPLIST_KEY_NSHumanReadableCopyright = "";
				INFOPLIST_KEY_SUFeedURL = "https://raw.githubusercontent.com/hahaluaha/Cozumel-Manager/main/appcast.xml";
				INFOPLIST_KEY_SUPublicEDKey = "1XgnxkEiYGP+K/8ddiGFSRrVb/BTdQlc5fwSLlXHZdg=";
				LD_RUNPATH_SEARCH_PATHS = (
					"$(inherited)",
					"@executable_path/../Frameworks",
				);
				MARKETING_VERSION = 1.0;
				PRODUCT_BUNDLE_IDENTIFIER = "Team-Paraiso.CozumelManager";
				PRODUCT_NAME = "$(TARGET_NAME)";
				REGISTER_APP_GROUPS = YES;
				STRING_CATALOG_GENERATE_SYMBOLS = YES;
				SWIFT_APPROACHABLE_CONCURRENCY = YES;
				SWIFT_DEFAULT_ACTOR_ISOLATION = MainActor;
				SWIFT_EMIT_LOC_STRINGS = YES;
				SWIFT_UPCOMING_FEATURE_MEMBER_IMPORT_VISIBILITY = YES;
				SWIFT_VERSION = 5.0;
			};
			name = Release;
		};
		4D26B5392FC776DB00DB3297 /* Debug */ = {
			isa = XCBuildConfiguration;
			buildSettings = {
				BUNDLE_LOADER = "$(TEST_HOST)";
				CODE_SIGN_STYLE = Automatic;
				CURRENT_PROJECT_VERSION = 1;
				DEVELOPMENT_TEAM = 9XVQ4QCQLM;
				GENERATE_INFOPLIST_FILE = YES;
				MACOSX_DEPLOYMENT_TARGET = 26.5;
				MARKETING_VERSION = 1.0;
				PRODUCT_BUNDLE_IDENTIFIER = "Team-Paraiso.CozumelManagerTests";
				PRODUCT_NAME = "$(TARGET_NAME)";
				STRING_CATALOG_GENERATE_SYMBOLS = NO;
				SWIFT_APPROACHABLE_CONCURRENCY = YES;
				SWIFT_EMIT_LOC_STRINGS = NO;
				SWIFT_UPCOMING_FEATURE_MEMBER_IMPORT_VISIBILITY = YES;
				SWIFT_VERSION = 5.0;
				TEST_HOST = "$(BUILT_PRODUCTS_DIR)/CozumelManager.app/$(BUNDLE_EXECUTABLE_FOLDER_PATH)/CozumelManager";
			};
			name = Debug;
		};
		4D26B53A2FC776DB00DB3297 /* Release */ = {
			isa = XCBuildConfiguration;
			buildSettings = {
				BUNDLE_LOADER = "$(TEST_HOST)";
				CODE_SIGN_STYLE = Automatic;
				CURRENT_PROJECT_VERSION = 1;
				DEVELOPMENT_TEAM = 9XVQ4QCQLM;
				GENERATE_INFOPLIST_FILE = YES;
				MACOSX_DEPLOYMENT_TARGET = 26.5;
				MARKETING_VERSION = 1.0;
				PRODUCT_BUNDLE_IDENTIFIER = "Team-Paraiso.CozumelManagerTests";
				PRODUCT_NAME = "$(TARGET_NAME)";
				STRING_CATALOG_GENERATE_SYMBOLS = NO;
				SWIFT_APPROACHABLE_CONCURRENCY = YES;
				SWIFT_EMIT_LOC_STRINGS = NO;
				SWIFT_UPCOMING_FEATURE_MEMBER_IMPORT_VISIBILITY = YES;
				SWIFT_VERSION = 5.0;
				TEST_HOST = "$(BUILT_PRODUCTS_DIR)/CozumelManager.app/$(BUNDLE_EXECUTABLE_FOLDER_PATH)/CozumelManager";
			};
			name = Release;
		};
		4D26B53C2FC776DB00DB3297 /* Debug */ = {
			isa = XCBuildConfiguration;
			buildSettings = {
				CODE_SIGN_STYLE = Automatic;
				CURRENT_PROJECT_VERSION = 1;
				DEVELOPMENT_TEAM = 9XVQ4QCQLM;
				GENERATE_INFOPLIST_FILE = YES;
				MARKETING_VERSION = 1.0;
				PRODUCT_BUNDLE_IDENTIFIER = "Team-Paraiso.CozumelManagerUITests";
				PRODUCT_NAME = "$(TARGET_NAME)";
				STRING_CATALOG_GENERATE_SYMBOLS = NO;
				SWIFT_APPROACHABLE_CONCURRENCY = YES;
				SWIFT_EMIT_LOC_STRINGS = NO;
				SWIFT_UPCOMING_FEATURE_MEMBER_IMPORT_VISIBILITY = YES;
				SWIFT_VERSION = 5.0;
				TEST_TARGET_NAME = CozumelManager;
			};
			name = Debug;
		};
		4D26B53D2FC776DB00DB3297 /* Release */ = {
			isa = XCBuildConfiguration;
			buildSettings = {
				CODE_SIGN_STYLE = Automatic;
				CURRENT_PROJECT_VERSION = 1;
				DEVELOPMENT_TEAM = 9XVQ4QCQLM;
				GENERATE_INFOPLIST_FILE = YES;
				MARKETING_VERSION = 1.0;
				PRODUCT_BUNDLE_IDENTIFIER = "Team-Paraiso.CozumelManagerUITests";
				PRODUCT_NAME = "$(TARGET_NAME)";
				STRING_CATALOG_GENERATE_SYMBOLS = NO;
				SWIFT_APPROACHABLE_CONCURRENCY = YES;
				SWIFT_EMIT_LOC_STRINGS = NO;
				SWIFT_UPCOMING_FEATURE_MEMBER_IMPORT_VISIBILITY = YES;
				SWIFT_VERSION = 5.0;
				TEST_TARGET_NAME = CozumelManager;
			};
			name = Release;
		};
/* End XCBuildConfiguration section */

/* Begin XCConfigurationList section */
		4D26B50D2FC776DA00DB3297 /* Build configuration list for PBXProject "CozumelManager" */ = {
			isa = XCConfigurationList;
			buildConfigurations = (
				4D26B5332FC776DB00DB3297 /* Debug */,
				4D26B5342FC776DB00DB3297 /* Release */,
			);
			defaultConfigurationIsVisible = 0;
			defaultConfigurationName = Release;
		};
		4D26B5352FC776DB00DB3297 /* Build configuration list for PBXNativeTarget "CozumelManager" */ = {
			isa = XCConfigurationList;
			buildConfigurations = (
				4D26B5362FC776DB00DB3297 /* Debug */,
				4D26B5372FC776DB00DB3297 /* Release */,
			);
			defaultConfigurationIsVisible = 0;
			defaultConfigurationName = Release;
		};
		4D26B5382FC776DB00DB3297 /* Build configuration list for PBXNativeTarget "CozumelManagerTests" */ = {
			isa = XCConfigurationList;
			buildConfigurations = (
				4D26B5392FC776DB00DB3297 /* Debug */,
				4D26B53A2FC776DB00DB3297 /* Release */,
			);
			defaultConfigurationIsVisible = 0;
			defaultConfigurationName = Release;
		};
		4D26B53B2FC776DB00DB3297 /* Build configuration list for PBXNativeTarget "CozumelManagerUITests" */ = {
			isa = XCConfigurationList;
			buildConfigurations = (
				4D26B53C2FC776DB00DB3297 /* Debug */,
				4D26B53D2FC776DB00DB3297 /* Release */,
			);
			defaultConfigurationIsVisible = 0;
			defaultConfigurationName = Release;
		};
/* End XCConfigurationList section */

/* Begin XCRemoteSwiftPackageReference section */
		AABBCC112233DDEEFF445566 /* XCRemoteSwiftPackageReference "Sparkle" */ = {
			isa = XCRemoteSwiftPackageReference;
			repositoryURL = "https://github.com/sparkle-project/Sparkle";
			requirement = {
				kind = upToNextMajorVersion;
				minimumVersion = 2.0.0;
			};
		};
/* End XCRemoteSwiftPackageReference section */

/* Begin XCSwiftPackageProductDependency section */
		AABBCC112233DDEEFF445577 /* Sparkle */ = {
			isa = XCSwiftPackageProductDependency;
			package = AABBCC112233DDEEFF445566 /* XCRemoteSwiftPackageReference "Sparkle" */;
			productName = Sparkle;
		};
/* End XCSwiftPackageProductDependency section */
	};
	rootObject = 4D26B50A2FC776DA00DB3297 /* Project object */;
}
